
Microsoft Visual Studio Solution File, Format Version 12.00
# Visual Studio Version 16
VisualStudioVersion = 16.0.31911.196
MinimumVisualStudioVersion = 10.0.40219.1
Project("{9A19103F-16F7-4668-BE54-9A1E7A4F7556}") = "LiveChatApp.WebAPI", "LiveChatApp.WebAPI\LiveChatApp.WebAPI.csproj", "{3264DC1E-5B49-4A50-B952-DBF3A44F79D6}"
EndProject
Project("{9A19103F-16F7-4668-BE54-9A1E7A4F7556}") = "SignalRFunctions", "SignalRFunctions\SignalRFunctions.csproj", "{AB45B5FD-9145-4CA9-B6E7-42747140E5C5}"
EndProject
Project("{9A19103F-16F7-4668-BE54-9A1E7A4F7556}") = "Messages", "Messages\Messages.csproj", "{CC3FC0B4-7A1A-4CD6-B244-0BBD3AFEE06F}"
EndProject
Project("{9A19103F-16F7-4668-BE54-9A1E7A4F7556}") = "LiveChatApp", "LiveChatApp\LiveChatApp\LiveChatApp.csproj", "{08B91367-3CE9-4C1B-8D19-F79E0CBA6683}"
EndProject
Project("{FAE04EC0-301F-11D3-BF4B-00C04F79EFBC}") = "LiveChatApp.Android", "LiveChatApp\LiveChatApp.Android\LiveChatApp.Android.csproj", "{A320EC4F-AD52-4149-9C2E-3FEA2EC54B54}"
EndProject
Project("{FAE04EC0-301F-11D3-BF4B-00C04F79EFBC}") = "LiveChatApp.iOS", "LiveChatApp\LiveChatApp.iOS\LiveChatApp.iOS.csproj", "{7D46689F-DA0A-42BF-8C9E-6D872E09E55B}"
EndProject
Project("{9A19103F-16F7-4668-BE54-9A1E7A4F7556}") = "Web", "Web\Web.csproj", "{320D7A36-AD3D-4929-AEDE-1EF4D867BCB8}"
EndProject
Global
	GlobalSection(SolutionConfigurationPlatforms) = preSolution
		Ad-Hoc|Any CPU = Ad-Hoc|Any CPU
		Ad-Hoc|iPhone = Ad-Hoc|iPhone
		Ad-Hoc|iPhoneSimulator = Ad-Hoc|iPhoneSimulator
		AppStore|Any CPU = AppStore|Any CPU
		AppStore|iPhone = AppStore|iPhone
		AppStore|iPhoneSimulator = AppStore|iPhoneSimulator
		Debug|Any CPU = Debug|Any CPU
		Debug|iPhone = Debug|iPhone
		Debug|iPhoneSimulator = Debug|iPhoneSimulator
		Release|Any CPU = Release|Any CPU
		Release|iPhone = Release|iPhone
		Release|iPhoneSimulator = Release|iPhoneSimulator
	EndGlobalSection
	GlobalSection(ProjectConfigurationPlatforms) = postSolution
		{3264DC1E-5B49-4A50-B952-DBF3A44F79D6}.Ad-Hoc|Any CPU.ActiveCfg = Release|Any CPU
		{3264DC1E-5B49-4A50-B952-DBF3A44F79D6}.Ad-Hoc|Any CPU.Build.0 = Release|Any CPU
		{3264DC1E-5B49-4A50-B952-DBF3A44F79D6}.Ad-Hoc|iPhone.ActiveCfg = Release|Any CPU
		{3264DC1E-5B49-4A50-B952-DBF3A44F79D6}.Ad-Hoc|iPhone.Build.0 = Release|Any CPU
		{3264DC1E-5B49-4A50-B952-DBF3A44F79D6}.Ad-Hoc|iPhoneSimulator.ActiveCfg = Release|Any CPU
		{3264DC1E-5B49-4A50-B952-DBF3A44F79D6}.Ad-Hoc|iPhoneSimulator.Build.0 = Release|Any CPU
		{3264DC1E-5B49-4A50-B952-DBF3A44F79D6}.AppStore|Any CPU.ActiveCfg = Release|Any CPU
		{3264DC1E-5B49-4A50-B952-DBF3A44F79D6}.AppStore|Any CPU.Build.0 = Release|Any CPU
		{3264DC1E-5B49-4A50-B952-DBF3A44F79D6}.AppStore|iPhone.ActiveCfg = Release|Any CPU
		{3264DC1E-5B49-4A50-B952-DBF3A44F79D6}.AppStore|iPhone.Build.0 = Release|Any CPU
		{3264DC1E-5B49-4A50-B952-DBF3A44F79D6}.AppStore|iPhoneSimulator.ActiveCfg = Release|Any CPU
		{3264DC1E-5B49-4A50-B952-DBF3A44F79D6}.AppStore|iPhoneSimulator.Build.0 = Release|Any CPU
		{3264DC1E-5B49-4A50-B952-DBF3A44F79D6}.Debug|Any CPU.ActiveCfg = Debug|Any CPU
		{3264DC1E-5B49-4A50-B952-DBF3A44F79D6}.Debug|Any CPU.Build.0 = Debug|Any CPU
		{3264DC1E-5B49-4A50-B952-DBF3A44F79D6}.Debug|iPhone.ActiveCfg = Debug|Any CPU
		{3264DC1E-5B49-4A50-B952-DBF3A44F79D6}.Debug|iPhone.Build.0 = Debug|Any CPU
		{3264DC1E-5B49-4A50-B952-DBF3A44F79D6}.Debug|iPhoneSimulator.ActiveCfg = Debug|Any CPU
		{3264DC1E-5B49-4A50-B952-DBF3A44F79D6}.Debug|iPhoneSimulator.Build.0 = Debug|Any CPU
		{3264DC1E-5B49-4A50-B952-DBF3A44F79D6}.Release|Any CPU.ActiveCfg = Release|Any CPU
		{3264DC1E-5B49-4A50-B952-DBF3A44F79D6}.Release|Any CPU.Build.0 = Release|Any CPU
		{3264DC1E-5B49-4A50-B952-DBF3A44F79D6}.Release|iPhone.ActiveCfg = Release|Any CPU
		{3264DC1E-5B49-4A50-B952-DBF3A44F79D6}.Release|iPhone.Build.0 = Release|Any CPU
		{3264DC1E-5B49-4A50-B952-DBF3A44F79D6}.Release|iPhoneSimulator.ActiveCfg = Release|Any CPU
		{3264DC1E-5B49-4A50-B952-DBF3A44F79D6}.Release|iPhoneSimulator.Build.0 = Release|Any CPU
		{AB45B5FD-9145-4CA9-B6E7-42747140E5C5}.Ad-Hoc|Any CPU.ActiveCfg = Debug|Any CPU
		{AB45B5FD-9145-4CA9-B6E7-42747140E5C5}.Ad-Hoc|Any CPU.Build.0 = Debug|Any CPU
		{AB45B5FD-9145-4CA9-B6E7-42747140E5C5}.Ad-Hoc|iPhone.ActiveCfg = Debug|Any CPU
		{AB45B5FD-9145-4CA9-B6E7-42747140E5C5}.Ad-Hoc|iPhone.Build.0 = Debug|Any CPU
		{AB45B5FD-9145-4CA9-B6E7-42747140E5C5}.Ad-Hoc|iPhoneSimulator.ActiveCfg = Debug|Any CPU
		{AB45B5FD-9145-4CA9-B6E7-42747140E5C5}.Ad-Hoc|iPhoneSimulator.Build.0 = Debug|Any CPU
		{AB45B5FD-9145-4CA9-B6E7-42747140E5C5}.AppStore|Any CPU.ActiveCfg = Debug|Any CPU
		{AB45B5FD-9145-4CA9-B6E7-42747140E5C5}.AppStore|Any CPU.Build.0 = Debug|Any CPU
		{AB45B5FD-9145-4CA9-B6E7-42747140E5C5}.AppStore|iPhone.ActiveCfg = Debug|Any CPU
		{AB45B5FD-9145-4CA9-B6E7-42747140E5C5}.AppStore|iPhone.Build.0 = Debug|Any CPU
		{AB45B5FD-9145-4CA9-B6E7-42747140E5C5}.AppStore|iPhoneSimulator.ActiveCfg = Debug|Any CPU
		{AB45B5FD-9145-4CA9-B6E7-42747140E5C5}.AppStore|iPhoneSimulator.Build.0 = Debug|Any CPU
		{AB45B5FD-9145-4CA9-B6E7-42747140E5C5}.Debug|Any CPU.ActiveCfg = Debug|Any CPU
		{AB45B5FD-9145-4CA9-B6E7-42747140E5C5}.Debug|Any CPU.Build.0 = Debug|Any CPU
		{AB45B5FD-9145-4CA9-B6E7-42747140E5C5}.Debug|iPhone.ActiveCfg = Debug|Any CPU
		{AB45B5FD-9145-4CA9-B6E7-42747140E5C5}.Debug|iPhone.Build.0 = Debug|Any CPU
		{AB45B5FD-9145-4CA9-B6E7-42747140E5C5}.Debug|iPhoneSimulator.ActiveCfg = Debug|Any CPU
		{AB45B5FD-9145-4CA9-B6E7-42747140E5C5}.Debug|iPhoneSimulator.Build.0 = Debug|Any CPU
		{AB45B5FD-9145-4CA9-B6E7-42747140E5C5}.Release|Any CPU.ActiveCfg = Release|Any CPU
		{AB45B5FD-9145-4CA9-B6E7-42747140E5C5}.Release|Any CPU.Build.0 = Release|Any CPU
		{AB45B5FD-9145-4CA9-B6E7-42747140E5C5}.Release|iPhone.ActiveCfg = Release|Any CPU
		{AB45B5FD-9145-4CA9-B6E7-42747140E5C5}.Release|iPhone.Build.0 = Release|Any CPU
		{AB45B5FD-9145-4CA9-B6E7-42747140E5C5}.Release|iPhoneSimulator.ActiveCfg = Release|Any CPU
		{AB45B5FD-9145-4CA9-B6E7-42747140E5C5}.Release|iPhoneSimulator.Build.0 = Release|Any CPU
		{CC3FC0B4-7A1A-4CD6-B244-0BBD3AFEE06F}.Ad-Hoc|Any CPU.ActiveCfg = Debug|Any CPU
		{CC3FC0B4-7A1A-4CD6-B244-0BBD3AFEE06F}.Ad-Hoc|Any CPU.Build.0 = Debug|Any CPU
		{CC3FC0B4-7A1A-4CD6-B244-0BBD3AFEE06F}.Ad-Hoc|iPhone.ActiveCfg = Debug|Any CPU
		{CC3FC0B4-7A1A-4CD6-B244-0BBD3AFEE06F}.Ad-Hoc|iPhone.Build.0 = Debug|Any CPU
		{CC3FC0B4-7A1A-4CD6-B244-0BBD3AFEE06F}.Ad-Hoc|iPhoneSimulator.ActiveCfg = Debug|Any CPU
		{CC3FC0B4-7A1A-4CD6-B244-0BBD3AFEE06F}.Ad-Hoc|iPhoneSimulator.Build.0 = Debug|Any CPU
		{CC3FC0B4-7A1A-4CD6-B244-0BBD3AFEE06F}.AppStore|Any CPU.ActiveCfg = Debug|Any CPU
		{CC3FC0B4-7A1A-4CD6-B244-0BBD3AFEE06F}.AppStore|Any CPU.Build.0 = Debug|Any CPU
		{CC3FC0B4-7A1A-4CD6-B244-0BBD3AFEE06F}.AppStore|iPhone.ActiveCfg = Debug|Any CPU
		{CC3FC0B4-7A1A-4CD6-B244-0BBD3AFEE06F}.AppStore|iPhone.Build.0 = Debug|Any CPU
		{CC3FC0B4-7A1A-4CD6-B244-0BBD3AFEE06F}.AppStore|iPhoneSimulator.ActiveCfg = Debug|Any CPU
		{CC3FC0B4-7A1A-4CD6-B244-0BBD3AFEE06F}.AppStore|iPhoneSimulator.Build.0 = Debug|Any CPU
		{CC3FC0B4-7A1A-4CD6-B244-0BBD3AFEE06F}.Debug|Any CPU.ActiveCfg = Debug|Any CPU
		{CC3FC0B4-7A1A-4CD6-B244-0BBD3AFEE06F}.Debug|Any CPU.Build.0 = Debug|Any CPU
		{CC3FC0B4-7A1A-4CD6-B244-0BBD3AFEE06F}.Debug|iPhone.ActiveCfg = Debug|Any CPU
		{CC3FC0B4-7A1A-4CD6-B244-0BBD3AFEE06F}.Debug|iPhone.Build.0 = Debug|Any CPU
		{CC3FC0B4-7A1A-4CD6-B244-0BBD3AFEE06F}.Debug|iPhoneSimulator.ActiveCfg = Debug|Any CPU
		{CC3FC0B4-7A1A-4CD6-B244-0BBD3AFEE06F}.Debug|iPhoneSimulator.Build.0 = Debug|Any CPU
		{CC3FC0B4-7A1A-4CD6-B244-0BBD3AFEE06F}.Release|Any CPU.ActiveCfg = Release|Any CPU
		{CC3FC0B4-7A1A-4CD6-B244-0BBD3AFEE06F}.Release|Any CPU.Build.0 = Release|Any CPU
		{CC3FC0B4-7A1A-4CD6-B244-0BBD3AFEE06F}.Release|iPhone.ActiveCfg = Release|Any CPU
		{CC3FC0B4-7A1A-4CD6-B244-0BBD3AFEE06F}.Release|iPhone.Build.0 = Release|Any CPU
		{CC3FC0B4-7A1A-4CD6-B244-0BBD3AFEE06F}.Release|iPhoneSimulator.ActiveCfg = Release|Any CPU
		{CC3FC0B4-7A1A-4CD6-B244-0BBD3AFEE06F}.Release|iPhoneSimulator.Build.0 = Release|Any CPU
		{08B91367-3CE9-4C1B-8D19-F79E0CBA6683}.Ad-Hoc|Any CPU.ActiveCfg = Debug|Any CPU
		{08B91367-3CE9-4C1B-8D19-F79E0CBA6683}.Ad-Hoc|Any CPU.Build.0 = Debug|Any CPU
		{08B91367-3CE9-4C1B-8D19-F79E0CBA6683}.Ad-Hoc|iPhone.ActiveCfg = Debug|Any CPU
		{08B91367-3CE9-4C1B-8D19-F79E0CBA6683}.Ad-Hoc|iPhone.Build.0 = Debug|Any CPU
		{08B91367-3CE9-4C1B-8D19-F79E0CBA6683}.Ad-Hoc|iPhoneSimulator.ActiveCfg = Debug|Any CPU
		{08B91367-3CE9-4C1B-8D19-F79E0CBA6683}.Ad-Hoc|iPhoneSimulator.Build.0 = Debug|Any CPU
		{08B91367-3CE9-4C1B-8D19-F79E0CBA6683}.AppStore|Any CPU.ActiveCfg = Debug|Any CPU
		{08B91367-3CE9-4C1B-8D19-F79E0CBA6683}.AppStore|Any CPU.Build.0 = Debug|Any CPU
		{08B91367-3CE9-4C1B-8D19-F79E0CBA6683}.AppStore|iPhone.ActiveCfg = Debug|Any CPU
		{08B91367-3CE9-4C1B-8D19-F79E0CBA6683}.AppStore|iPhone.Build.0 = Debug|Any CPU
		{08B91367-3CE9-4C1B-8D19-F79E0CBA6683}.AppStore|iPhoneSimulator.ActiveCfg = Debug|Any CPU
		{08B91367-3CE9-4C1B-8D19-F79E0CBA6683}.AppStore|iPhoneSimulator.Build.0 = Debug|Any CPU
		{08B91367-3CE9-4C1B-8D19-F79E0CBA6683}.Debug|Any CPU.ActiveCfg = Debug|Any CPU
		{08B91367-3CE9-4C1B-8D19-F79E0CBA6683}.Debug|Any CPU.Build.0 = Debug|Any CPU
		{08B91367-3CE9-4C1B-8D19-F79E0CBA6683}.Debug|iPhone.ActiveCfg = Debug|Any CPU
		{08B91367-3CE9-4C1B-8D19-F79E0CBA6683}.Debug|iPhone.Build.0 = Debug|Any CPU
		{08B91367-3CE9-4C1B-8D19-F79E0CBA6683}.Debug|iPhoneSimulator.ActiveCfg = Debug|Any CPU
		{08B91367-3CE9-4C1B-8D19-F79E0CBA6683}.Debug|iPhoneSimulator.Build.0 = Debug|Any CPU
		{08B91367-3CE9-4C1B-8D19-F79E0CBA6683}.Release|Any CPU.ActiveCfg = Release|Any CPU
		{08B91367-3CE9-4C1B-8D19-F79E0CBA6683}.Release|Any CPU.Build.0 = Release|Any CPU
		{08B91367-3CE9-4C1B-8D19-F79E0CBA6683}.Release|iPhone.ActiveCfg = Release|Any CPU
		{08B91367-3CE9-4C1B-8D19-F79E0CBA6683}.Release|iPhone.Build.0 = Release|Any CPU
		{08B91367-3CE9-4C1B-8D19-F79E0CBA6683}.Release|iPhoneSimulator.ActiveCfg = Release|Any CPU
		{08B91367-3CE9-4C1B-8D19-F79E0CBA6683}.Release|iPhoneSimulator.Build.0 = Release|Any CPU
		{A320EC4F-AD52-4149-9C2E-3FEA2EC54B54}.Ad-Hoc|Any CPU.ActiveCfg = Debug|Any CPU
		{A320EC4F-AD52-4149-9C2E-3FEA2EC54B54}.Ad-Hoc|Any CPU.Build.0 = Debug|Any CPU
		{A320EC4F-AD52-4149-9C2E-3FEA2EC54B54}.Ad-Hoc|Any CPU.Deploy.0 = Debug|Any CPU
		{A320EC4F-AD52-4149-9C2E-3FEA2EC54B54}.Ad-Hoc|iPhone.ActiveCfg = Debug|Any CPU
		{A320EC4F-AD52-4149-9C2E-3FEA2EC54B54}.Ad-Hoc|iPhone.Build.0 = Debug|Any CPU
		{A320EC4F-AD52-4149-9C2E-3FEA2EC54B54}.Ad-Hoc|iPhone.Deploy.0 = Debug|Any CPU
		{A320EC4F-AD52-4149-9C2E-3FEA2EC54B54}.Ad-Hoc|iPhoneSimulator.ActiveCfg = Debug|Any CPU
		{A320EC4F-AD52-4149-9C2E-3FEA2EC54B54}.Ad-Hoc|iPhoneSimulator.Build.0 = Debug|Any CPU
		{A320EC4F-AD52-4149-9C2E-3FEA2EC54B54}.Ad-Hoc|iPhoneSimulator.Deploy.0 = Debug|Any CPU
		{A320EC4F-AD52-4149-9C2E-3FEA2EC54B54}.AppStore|Any CPU.ActiveCfg = Debug|Any CPU
		{A320EC4F-AD52-4149-9C2E-3FEA2EC54B54}.AppStore|Any CPU.Build.0 = Debug|Any CPU
		{A320EC4F-AD52-4149-9C2E-3FEA2EC54B54}.AppStore|Any CPU.Deploy.0 = Debug|Any CPU
		{A320EC4F-AD52-4149-9C2E-3FEA2EC54B54}.AppStore|iPhone.ActiveCfg = Debug|Any CPU
		{A320EC4F-AD52-4149-9C2E-3FEA2EC54B54}.AppStore|iPhone.Build.0 = Debug|Any CPU
		{A320EC4F-AD52-4149-9C2E-3FEA2EC54B54}.AppStore|iPhone.Deploy.0 = Debug|Any CPU
		{A320EC4F-AD52-4149-9C2E-3FEA2EC54B54}.AppStore|iPhoneSimulator.ActiveCfg = Debug|Any CPU
		{A320EC4F-AD52-4149-9C2E-3FEA2EC54B54}.AppStore|iPhoneSimulator.Build.0 = Debug|Any CPU
		{A320EC4F-AD52-4149-9C2E-3FEA2EC54B54}.AppStore|iPhoneSimulator.Deploy.0 = Debug|Any CPU
		{A320EC4F-AD52-4149-9C2E-3FEA2EC54B54}.Debug|Any CPU.ActiveCfg = Debug|Any CPU
		{A320EC4F-AD52-4149-9C2E-3FEA2EC54B54}.Debug|Any CPU.Build.0 = Debug|Any CPU
		{A320EC4F-AD52-4149-9C2E-3FEA2EC54B54}.Debug|Any CPU.Deploy.0 = Debug|Any CPU
		{A320EC4F-AD52-4149-9C2E-3FEA2EC54B54}.Debug|iPhone.ActiveCfg = Debug|Any CPU
		{A320EC4F-AD52-4149-9C2E-3FEA2EC54B54}.Debug|iPhone.Build.0 = Debug|Any CPU
		{A320EC4F-AD52-4149-9C2E-3FEA2EC54B54}.Debug|iPhone.Deploy.0 = Debug|Any CPU
		{A320EC4F-AD52-4149-9C2E-3FEA2EC54B54}.Debug|iPhoneSimulator.ActiveCfg = Debug|Any CPU
		{A320EC4F-AD52-4149-9C2E-3FEA2EC54B54}.Debug|iPhoneSimulator.Build.0 = Debug|Any CPU
		{A320EC4F-AD52-4149-9C2E-3FEA2EC54B54}.Debug|iPhoneSimulator.Deploy.0 = Debug|Any CPU
		{A320EC4F-AD52-4149-9C2E-3FEA2EC54B54}.Release|Any CPU.ActiveCfg = Release|Any CPU
		{A320EC4F-AD52-4149-9C2E-3FEA2EC54B54}.Release|Any CPU.Build.0 = Release|Any CPU
		{A320EC4F-AD52-4149-9C2E-3FEA2EC54B54}.Release|Any CPU.Deploy.0 = Release|Any CPU
		{A320EC4F-AD52-4149-9C2E-3FEA2EC54B54}.Release|iPhone.ActiveCfg = Release|Any CPU
		{A320EC4F-AD52-4149-9C2E-3FEA2EC54B54}.Release|iPhone.Build.0 = Release|Any CPU
		{A320EC4F-AD52-4149-9C2E-3FEA2EC54B54}.Release|iPhone.Deploy.0 = Release|Any CPU
		{A320EC4F-AD52-4149-9C2E-3FEA2EC54B54}.Release|iPhoneSimulator.ActiveCfg = Release|Any CPU
		{A320EC4F-AD52-4149-9C2E-3FEA2EC54B54}.Release|iPhoneSimulator.Build.0 = Release|Any CPU
		{A320EC4F-AD52-4149-9C2E-3FEA2EC54B54}.Release|iPhoneSimulator.Deploy.0 = Release|Any CPU
		{7D46689F-DA0A-42BF-8C9E-6D872E09E55B}.Ad-Hoc|Any CPU.ActiveCfg = Ad-Hoc|iPhoneSimulator
		{7D46689F-DA0A-42BF-8C9E-6D872E09E55B}.Ad-Hoc|iPhone.ActiveCfg = Ad-Hoc|iPhone
		{7D46689F-DA0A-42BF-8C9E-6D872E09E55B}.Ad-Hoc|iPhone.Build.0 = Ad-Hoc|iPhone
		{7D46689F-DA0A-42BF-8C9E-6D872E09E55B}.Ad-Hoc|iPhoneSimulator.ActiveCfg = Ad-Hoc|iPhoneSimulator
		{7D46689F-DA0A-42BF-8C9E-6D872E09E55B}.Ad-Hoc|iPhoneSimulator.Build.0 = Ad-Hoc|iPhoneSimulator
		{7D46689F-DA0A-42BF-8C9E-6D872E09E55B}.AppStore|Any CPU.ActiveCfg = AppStore|iPhoneSimulator
		{7D46689F-DA0A-42BF-8C9E-6D872E09E55B}.AppStore|iPhone.ActiveCfg = AppStore|iPhone
		{7D46689F-DA0A-42BF-8C9E-6D872E09E55B}.AppStore|iPhone.Build.0 = AppStore|iPhone
		{7D46689F-DA0A-42BF-8C9E-6D872E09E55B}.AppStore|iPhoneSimulator.ActiveCfg = AppStore|iPhoneSimulator
		{7D46689F-DA0A-42BF-8C9E-6D872E09E55B}.AppStore|iPhoneSimulator.Build.0 = AppStore|iPhoneSimulator
		{7D46689F-DA0A-42BF-8C9E-6D872E09E55B}.Debug|Any CPU.ActiveCfg = Debug|iPhoneSimulator
		{7D46689F-DA0A-42BF-8C9E-6D872E09E55B}.Debug|iPhone.ActiveCfg = Debug|iPhone
		{7D46689F-DA0A-42BF-8C9E-6D872E09E55B}.Debug|iPhone.Build.0 = Debug|iPhone
		{7D46689F-DA0A-42BF-8C9E-6D872E09E55B}.Debug|iPhoneSimulator.ActiveCfg = Debug|iPhoneSimulator
		{7D46689F-DA0A-42BF-8C9E-6D872E09E55B}.Debug|iPhoneSimulator.Build.0 = Debug|iPhoneSimulator
		{7D46689F-DA0A-42BF-8C9E-6D872E09E55B}.Release|Any CPU.ActiveCfg = Release|iPhoneSimulator
		{7D46689F-DA0A-42BF-8C9E-6D872E09E55B}.Release|iPhone.ActiveCfg = Release|iPhone
		{7D46689F-DA0A-42BF-8C9E-6D872E09E55B}.Release|iPhone.Build.0 = Release|iPhone
		{7D46689F-DA0A-42BF-8C9E-6D872E09E55B}.Release|iPhoneSimulator.ActiveCfg = Release|iPhoneSimulator
		{7D46689F-DA0A-42BF-8C9E-6D872E09E55B}.Release|iPhoneSimulator.Build.0 = Release|iPhoneSimulator
		{320D7A36-AD3D-4929-AEDE-1EF4D867BCB8}.Ad-Hoc|Any CPU.ActiveCfg = Debug|Any CPU
		{320D7A36-AD3D-4929-AEDE-1EF4D867BCB8}.Ad-Hoc|Any CPU.Build.0 = Debug|Any CPU
		{320D7A36-AD3D-4929-AEDE-1EF4D867BCB8}.Ad-Hoc|iPhone.ActiveCfg = Debug|Any CPU
		{320D7A36-AD3D-4929-AEDE-1EF4D867BCB8}.Ad-Hoc|iPhone.Build.0 = Debug|Any CPU
		{320D7A36-AD3D-4929-AEDE-1EF4D867BCB8}.Ad-Hoc|iPhoneSimulator.ActiveCfg = Debug|Any CPU
		{320D7A36-AD3D-4929-AEDE-1EF4D867BCB8}.Ad-Hoc|iPhoneSimulator.Build.0 = Debug|Any CPU
		{320D7A36-AD3D-4929-AEDE-1EF4D867BCB8}.AppStore|Any CPU.ActiveCfg = Debug|Any CPU
		{320D7A36-AD3D-4929-AEDE-1EF4D867BCB8}.AppStore|Any CPU.Build.0 = Debug|Any CPU
		{320D7A36-AD3D-4929-AEDE-1EF4D867BCB8}.AppStore|iPhone.ActiveCfg = Debug|Any CPU
		{320D7A36-AD3D-4929-AEDE-1EF4D867BCB8}.AppStore|iPhone.Build.0 = Debug|Any CPU
		{320D7A36-AD3D-4929-AEDE-1EF4D867BCB8}.AppStore|iPhoneSimulator.ActiveCfg = Debug|Any CPU
		{320D7A36-AD3D-4929-AEDE-1EF4D867BCB8}.AppStore|iPhoneSimulator.Build.0 = Debug|Any CPU
		{320D7A36-AD3D-4929-AEDE-1EF4D867BCB8}.Debug|Any CPU.ActiveCfg = Debug|Any CPU
		{320D7A36-AD3D-4929-AEDE-1EF4D867BCB8}.Debug|Any CPU.Build.0 = Debug|Any CPU
		{320D7A36-AD3D-4929-AEDE-1EF4D867BCB8}.Debug|iPhone.ActiveCfg = Debug|Any CPU
		{320D7A36-AD3D-4929-AEDE-1EF4D867BCB8}.Debug|iPhone.Build.0 = Debug|Any CPU
		{320D7A36-AD3D-4929-AEDE-1EF4D867BCB8}.Debug|iPhoneSimulator.ActiveCfg = Debug|Any CPU
		{320D7A36-AD3D-4929-AEDE-1EF4D867BCB8}.Debug|iPhoneSimulator.Build.0 = Debug|Any CPU
		{320D7A36-AD3D-4929-AEDE-1EF4D867BCB8}.Release|Any CPU.ActiveCfg = Release|Any CPU
		{320D7A36-AD3D-4929-AEDE-1EF4D867BCB8}.Release|Any CPU.Build.0 = Release|Any CPU
		{320D7A36-AD3D-4929-AEDE-1EF4D867BCB8}.Release|iPhone.ActiveCfg = Release|Any CPU
		{320D7A36-AD3D-4929-AEDE-1EF4D867BCB8}.Release|iPhone.Build.0 = Release|Any CPU
		{320D7A36-AD3D-4929-AEDE-1EF4D867BCB8}.Release|iPhoneSimulator.ActiveCfg = Release|Any CPU
		{320D7A36-AD3D-4929-AEDE-1EF4D867BCB8}.Release|iPhoneSimulator.Build.0 = Release|Any CPU
	EndGlobalSection
	GlobalSection(SolutionProperties) = preSolution
		HideSolutionNode = FALSE
	EndGlobalSection
	GlobalSection(ExtensibilityGlobals) = postSolution
		SolutionGuid = {17E06033-468A-4F71-BE21-10C21CBFB21E}
	EndGlobalSection
EndGlobal
